
Microsoft Visual Studio Solution File, Format Version 12.00
# Visual Studio Version 17
VisualStudioVersion = 17.5.33516.290
MinimumVisualStudioVersion = 10.0.40219.1
Project("{9A19103F-16F7-4668-BE54-9A1E7A4F7556}") = "SystemSprawozdan.Backend", "SystemSprawozdan.Backend\SystemSprawozdan.Backend.csproj", "{61230369-1993-40D5-8F61-8B73FF3E1759}"
EndProject
Project("{9A19103F-16F7-4668-BE54-9A1E7A4F7556}") = "SystemSprawozdan.Frontend", "SystemSprawozdan.Frontend\SystemSprawozdan.Frontend.csproj", "{9D656C5C-AEF4-4B1D-BF62-FCAED63763CE}"
EndProject
Project("{9A19103F-16F7-4668-BE54-9A1E7A4F7556}") = "SystemSprawozdan.Shared", "SystemSprawozdan.Shared\SystemSprawozdan.Shared.csproj", "{630B1A62-54F7-4D1C-B759-F3C902FA7DF5}"
EndProject
Global
	GlobalSection(SolutionConfigurationPlatforms) = preSolution
		Debug|Any CPU = Debug|Any CPU
		Release|Any CPU = Release|Any CPU
	EndGlobalSection
	GlobalSection(ProjectConfigurationPlatforms) = postSolution
		{61230369-1993-40D5-8F61-8B73FF3E1759}.Debug|Any CPU.ActiveCfg = Debug|Any CPU
		{61230369-1993-40D5-8F61-8B73FF3E1759}.Debug|Any CPU.Build.0 = Debug|Any CPU
		{61230369-1993-40D5-8F61-8B73FF3E1759}.Release|Any CPU.ActiveCfg = Release|Any CPU
		{61230369-1993-40D5-8F61-8B73FF3E1759}.Release|Any CPU.Build.0 = Release|Any CPU
		{9D656C5C-AEF4-4B1D-BF62-FCAED63763CE}.Debug|Any CPU.ActiveCfg = Debug|Any CPU
		{9D656C5C-AEF4-4B1D-BF62-FCAED63763CE}.Debug|Any CPU.Build.0 = Debug|Any CPU
		{9D656C5C-AEF4-4B1D-BF62-FCAED63763CE}.Release|Any CPU.ActiveCfg = Release|Any CPU
		{9D656C5C-AEF4-4B1D-BF62-FCAED63763CE}.Release|Any CPU.Build.0 = Release|Any CPU
		{630B1A62-54F7-4D1C-B759-F3C902FA7DF5}.Debug|Any CPU.ActiveCfg = Debug|Any CPU
		{630B1A62-54F7-4D1C-B759-F3C902FA7DF5}.Debug|Any CPU.Build.0 = Debug|Any CPU
		{630B1A62-54F7-4D1C-B759-F3C902FA7DF5}.Release|Any CPU.ActiveCfg = Release|Any CPU
		{630B1A62-54F7-4D1C-B759-F3C902FA7DF5}.Release|Any CPU.Build.0 = Release|Any CPU
	EndGlobalSection
	GlobalSection(SolutionProperties) = preSolution
		HideSolutionNode = FALSE
	EndGlobalSection
	GlobalSection(ExtensibilityGlobals) = postSolution
		SolutionGuid = {70C21DF7-6995-4D15-B300-149123CE0248}
	EndGlobalSection
EndGlobal
